
Microsoft Visual Studio Solution File, Format Version 12.00
# Visual Studio Version 17
VisualStudioVersion = 17.13.35828.75 d17.13
MinimumVisualStudioVersion = 10.0.40219.1
Project("{FAE04EC0-301F-11D3-BF4B-00C04F79EFBC}") = "Monopoly", "Monopoly.csproj", "{3C9E51FB-EFA5-42ED-8D76-EECCC8F14180}"
EndProject
Global
	GlobalSection(SolutionConfigurationPlatforms) = preSolution
		Debug|Any CPU = Debug|Any CPU
		Release|Any CPU = Release|Any CPU
	EndGlobalSection
	GlobalSection(ProjectConfigurationPlatforms) = postSolution
		{3C9E51FB-EFA5-42ED-8D76-EECCC8F14180}.Debug|Any CPU.ActiveCfg = Debug|Any CPU
		{3C9E51FB-EFA5-42ED-8D76-EECCC8F14180}.Debug|Any CPU.Build.0 = Debug|Any CPU
		{3C9E51FB-EFA5-42ED-8D76-EECCC8F14180}.Release|Any CPU.ActiveCfg = Release|Any CPU
		{3C9E51FB-EFA5-42ED-8D76-EECCC8F14180}.Release|Any CPU.Build.0 = Release|Any CPU
	EndGlobalSection
	GlobalSection(SolutionProperties) = preSolution
		HideSolutionNode = FALSE
	EndGlobalSection
	GlobalSection(ExtensibilityGlobals) = postSolution
		SolutionGuid = {70019864-D340-46F0-948E-56B52E36ECCB}
	EndGlobalSection
EndGlobal
